# THIS IS AN AUTOGENERATED FILE. DO NOT EDIT THIS FILE DIRECTLY.
# yarn lockfile v1


jsrsasign@^8.0.12:
  version "8.0.12"
  resolved "https://registry.yarnpkg.com/jsrsasign/-/jsrsasign-8.0.12.tgz#22abb9656d34a30b9530436720835e89c2e5c316"

oidc-client@1.7.0-beta.1:
  version "1.7.0-beta.1"
  resolved "https://registry.yarnpkg.com/oidc-client/-/oidc-client-1.7.0-beta.1.tgz#d6608305e5f3be93320111e85525f73eed056b84"
  dependencies:
    jsrsasign "^8.0.12"

typescript@^3.3.3:
  version "3.3.3"
  resolved "https://registry.yarnpkg.com/typescript/-/typescript-3.3.3.tgz#f1657fc7daa27e1a8930758ace9ae8da31403221"
